
Microsoft Visual Studio Solution File, Format Version 12.00
# Visual Studio Version 16
VisualStudioVersion = 16.0.30330.147
MinimumVisualStudioVersion = 10.0.40219.1
Project("{9A19103F-16F7-4668-BE54-9A1E7A4F7556}") = "TiendaFireSport", "TiendaFireSport\TiendaFireSport.csproj", "{EECDACB4-A64C-42D8-823D-26BFE7BFE267}"
EndProject
Global
	GlobalSection(SolutionConfigurationPlatforms) = preSolution
		Debug|Any CPU = Debug|Any CPU
		Release|Any CPU = Release|Any CPU
	EndGlobalSection
	GlobalSection(ProjectConfigurationPlatforms) = postSolution
		{EECDACB4-A64C-42D8-823D-26BFE7BFE267}.Debug|Any CPU.ActiveCfg = Debug|Any CPU
		{EECDACB4-A64C-42D8-823D-26BFE7BFE267}.Debug|Any CPU.Build.0 = Debug|Any CPU
		{EECDACB4-A64C-42D8-823D-26BFE7BFE267}.Release|Any CPU.ActiveCfg = Release|Any CPU
		{EECDACB4-A64C-42D8-823D-26BFE7BFE267}.Release|Any CPU.Build.0 = Release|Any CPU
	EndGlobalSection
	GlobalSection(SolutionProperties) = preSolution
		HideSolutionNode = FALSE
	EndGlobalSection
	GlobalSection(ExtensibilityGlobals) = postSolution
		SolutionGuid = {2B475C26-45AD-41B4-8C00-C387528531F3}
	EndGlobalSection
EndGlobal
